
Microsoft Visual Studio Solution File, Format Version 12.00
# Visual Studio Version 16
VisualStudioVersion = 16.0.30611.23
MinimumVisualStudioVersion = 10.0.40219.1
Project("{9A19103F-16F7-4668-BE54-9A1E7A4F7556}") = "UltimateFrisbeeTournamentScheduler", "UltimateFrisbeeTournamentScheduler\UltimateFrisbeeTournamentScheduler.csproj", "{D8F39281-356E-4B3A-ACA0-0B16794229A2}"
EndProject
Project("{9A19103F-16F7-4668-BE54-9A1E7A4F7556}") = "TournamentSchedulerTests", "TournamentSchedulerTests\TournamentSchedulerTests.csproj", "{BCFC1FB6-9063-477C-85D3-BE6333C7AE97}"
EndProject
Project("{FAE04EC0-301F-11D3-BF4B-00C04F79EFBC}") = "TournamentSchedulerGUI", "TournamentSchedulerGUI\TournamentSchedulerGUI.csproj", "{3429C5D4-B992-4B82-8F5C-8546ED24576A}"
EndProject
Global
	GlobalSection(SolutionConfigurationPlatforms) = preSolution
		Debug|Any CPU = Debug|Any CPU
		Release|Any CPU = Release|Any CPU
	EndGlobalSection
	GlobalSection(ProjectConfigurationPlatforms) = postSolution
		{D8F39281-356E-4B3A-ACA0-0B16794229A2}.Debug|Any CPU.ActiveCfg = Debug|Any CPU
		{D8F39281-356E-4B3A-ACA0-0B16794229A2}.Debug|Any CPU.Build.0 = Debug|Any CPU
		{D8F39281-356E-4B3A-ACA0-0B16794229A2}.Release|Any CPU.ActiveCfg = Release|Any CPU
		{D8F39281-356E-4B3A-ACA0-0B16794229A2}.Release|Any CPU.Build.0 = Release|Any CPU
		{BCFC1FB6-9063-477C-85D3-BE6333C7AE97}.Debug|Any CPU.ActiveCfg = Debug|Any CPU
		{BCFC1FB6-9063-477C-85D3-BE6333C7AE97}.Debug|Any CPU.Build.0 = Debug|Any CPU
		{BCFC1FB6-9063-477C-85D3-BE6333C7AE97}.Release|Any CPU.ActiveCfg = Release|Any CPU
		{BCFC1FB6-9063-477C-85D3-BE6333C7AE97}.Release|Any CPU.Build.0 = Release|Any CPU
		{3429C5D4-B992-4B82-8F5C-8546ED24576A}.Debug|Any CPU.ActiveCfg = Debug|Any CPU
		{3429C5D4-B992-4B82-8F5C-8546ED24576A}.Debug|Any CPU.Build.0 = Debug|Any CPU
		{3429C5D4-B992-4B82-8F5C-8546ED24576A}.Release|Any CPU.ActiveCfg = Release|Any CPU
		{3429C5D4-B992-4B82-8F5C-8546ED24576A}.Release|Any CPU.Build.0 = Release|Any CPU
	EndGlobalSection
	GlobalSection(SolutionProperties) = preSolution
		HideSolutionNode = FALSE
	EndGlobalSection
	GlobalSection(ExtensibilityGlobals) = postSolution
		SolutionGuid = {D5B828ED-6647-4E61-B67A-91568E961960}
	EndGlobalSection
EndGlobal
